dependencies:
- name: ltb-passwd
  repository: file://charts/ltb-passwd
  version: 0.1.0
- name: phpldapadmin
  repository: file://charts/phpldapadmin
  version: 0.1.2
- name: common
  repository: file://charts/common
  version: 1.10.4
digest: sha256:cae79bcb5a3899fdbadc55f000ed685a471460af28f65161ad2971bb5e047780
generated: "2023-06-19T19:47:08.701015-03:00"
